
Microsoft Visual Studio Solution File, Format Version 12.00
# Visual Studio Version 16
VisualStudioVersion = 16.0.30413.136
MinimumVisualStudioVersion = 10.0.40219.1
Project("{8BC9CEB8-8B4A-11D0-8D11-00A0C91BC942}") = "CE_Y1_W4_Work1", "CE_Y1_W4_Work1\CE_Y1_W4_Work1.vcxproj", "{AE08EF58-1D5A-4BA4-99FC-66014F9E42C9}"
EndProject
Global
	GlobalSection(SolutionConfigurationPlatforms) = preSolution
		Debug|x64 = Debug|x64
		Debug|x86 = Debug|x86
		Release|x64 = Release|x64
		Release|x86 = Release|x86
	EndGlobalSection
	GlobalSection(ProjectConfigurationPlatforms) = postSolution
		{AE08EF58-1D5A-4BA4-99FC-66014F9E42C9}.Debug|x64.ActiveCfg = Debug|x64
		{AE08EF58-1D5A-4BA4-99FC-66014F9E42C9}.Debug|x64.Build.0 = Debug|x64
		{AE08EF58-1D5A-4BA4-99FC-66014F9E42C9}.Debug|x86.ActiveCfg = Debug|Win32
		{AE08EF58-1D5A-4BA4-99FC-66014F9E42C9}.Debug|x86.Build.0 = Debug|Win32
		{AE08EF58-1D5A-4BA4-99FC-66014F9E42C9}.Release|x64.ActiveCfg = Release|x64
		{AE08EF58-1D5A-4BA4-99FC-66014F9E42C9}.Release|x64.Build.0 = Release|x64
		{AE08EF58-1D5A-4BA4-99FC-66014F9E42C9}.Release|x86.ActiveCfg = Release|Win32
		{AE08EF58-1D5A-4BA4-99FC-66014F9E42C9}.Release|x86.Build.0 = Release|Win32
	EndGlobalSection
	GlobalSection(SolutionProperties) = preSolution
		HideSolutionNode = FALSE
	EndGlobalSection
	GlobalSection(ExtensibilityGlobals) = postSolution
		SolutionGuid = {E7E1E38F-BE8B-443B-AB94-3C1DE2DBA512}
	EndGlobalSection
EndGlobal
